
Microsoft Visual Studio Solution File, Format Version 12.00
Project("{2150E333-8FDC-42A3-9474-1A3956D46DE8}") = "Documentation", "Documentation", "{94E5D134-AEDB-403A-B262-8EB56A8E2F57}"
ProjectSection(SolutionItems) = preProject
	..\doc\quality-levels.md = ..\doc\quality-levels.md
	..\doc\shader-definitions.md = ..\doc\shader-definitions.md
	..\doc\stack-sort.md = ..\doc\stack-sort.md
	..\README.md = ..\README.md
	..\doc\global-variable.md = ..\doc\global-variable.md
	..\doc\shader-licenses.md = ..\doc\shader-licenses.md
	..\doc\implementation.md = ..\doc\implementation.md
EndProjectSection
EndProject
Project("{FAE04EC0-301F-11D3-BF4B-00C04F79EFBC}") = "SPV3.Shaders", "SPV3.Shaders\SPV3.Shaders.csproj", "{F26E9F38-EABA-423B-99C6-D26056B79708}"
EndProject
Project("{FAE04EC0-301F-11D3-BF4B-00C04F79EFBC}") = "SPV3.Shaders.Test", "SPV3.Shaders.Test\SPV3.Shaders.Test.csproj", "{0837DE8B-67FB-479F-BE99-6D1DA491758C}"
EndProject
Global
	GlobalSection(SolutionConfigurationPlatforms) = preSolution
		Debug|Any CPU = Debug|Any CPU
		Release|Any CPU = Release|Any CPU
	EndGlobalSection
	GlobalSection(ProjectConfigurationPlatforms) = postSolution
		{F26E9F38-EABA-423B-99C6-D26056B79708}.Debug|Any CPU.ActiveCfg = Debug|Any CPU
		{F26E9F38-EABA-423B-99C6-D26056B79708}.Debug|Any CPU.Build.0 = Debug|Any CPU
		{F26E9F38-EABA-423B-99C6-D26056B79708}.Release|Any CPU.ActiveCfg = Release|Any CPU
		{F26E9F38-EABA-423B-99C6-D26056B79708}.Release|Any CPU.Build.0 = Release|Any CPU
		{0837DE8B-67FB-479F-BE99-6D1DA491758C}.Debug|Any CPU.ActiveCfg = Debug|Any CPU
		{0837DE8B-67FB-479F-BE99-6D1DA491758C}.Debug|Any CPU.Build.0 = Debug|Any CPU
		{0837DE8B-67FB-479F-BE99-6D1DA491758C}.Release|Any CPU.ActiveCfg = Release|Any CPU
		{0837DE8B-67FB-479F-BE99-6D1DA491758C}.Release|Any CPU.Build.0 = Release|Any CPU
	EndGlobalSection
EndGlobal
