
Microsoft Visual Studio Solution File, Format Version 12.00
Project("{FAE04EC0-301F-11D3-BF4B-00C04F79EFBC}") = "SPV3.Resume", "SPV3.Resume\SPV3.Resume.csproj", "{A0A03D8E-5A1C-42D8-80A2-4D7B64999517}"
EndProject
Project("{2150E333-8FDC-42A3-9474-1A3956D46DE8}") = "Documentation", "Documentation", "{CC3BE434-7D1A-4423-9B29-62BB3DB9E2A1}"
ProjectSection(SolutionItems) = preProject
	..\LICENSE = ..\LICENSE
	..\README.md = ..\README.md
EndProjectSection
EndProject
Global
	GlobalSection(SolutionConfigurationPlatforms) = preSolution
		Debug|Any CPU = Debug|Any CPU
		Release|Any CPU = Release|Any CPU
	EndGlobalSection
	GlobalSection(ProjectConfigurationPlatforms) = postSolution
		{A0A03D8E-5A1C-42D8-80A2-4D7B64999517}.Debug|Any CPU.ActiveCfg = Debug|Any CPU
		{A0A03D8E-5A1C-42D8-80A2-4D7B64999517}.Debug|Any CPU.Build.0 = Debug|Any CPU
		{A0A03D8E-5A1C-42D8-80A2-4D7B64999517}.Release|Any CPU.ActiveCfg = Release|Any CPU
		{A0A03D8E-5A1C-42D8-80A2-4D7B64999517}.Release|Any CPU.Build.0 = Release|Any CPU
	EndGlobalSection
EndGlobal
