
Microsoft Visual Studio Solution File, Format Version 12.00
Project("{FAE04EC0-301F-11D3-BF4B-00C04F79EFBC}") = "SPV3.Resume", "SPV3.Resume\SPV3.Resume.csproj", "{A0A03D8E-5A1C-42D8-80A2-4D7B64999517}"
EndProject
Project("{2150E333-8FDC-42A3-9474-1A3956D46DE8}") = "Documentation", "Documentation", "{CC3BE434-7D1A-4423-9B29-62BB3DB9E2A1}"
ProjectSection(SolutionItems) = preProject
	..\LICENSE = ..\LICENSE
	..\README.md = ..\README.md
EndProjectSection
EndProject
Project("{2150E333-8FDC-42A3-9474-1A3956D46DE8}") = "Libraries", "Libraries", "{56FE2A82-C8B3-4A46-B395-BE3D8A41B240}"
EndProject
Project("{FAE04EC0-301F-11D3-BF4B-00C04F79EFBC}") = "SPV3.Domain", "..\lib\SPV3.Domain\src\SPV3.Domain\SPV3.Domain.csproj", "{DF140D8D-F741-424E-B5F7-54EFA3CCD796}"
EndProject
Global
	GlobalSection(SolutionConfigurationPlatforms) = preSolution
		Debug|Any CPU = Debug|Any CPU
		Release|Any CPU = Release|Any CPU
	EndGlobalSection
	GlobalSection(ProjectConfigurationPlatforms) = postSolution
		{A0A03D8E-5A1C-42D8-80A2-4D7B64999517}.Debug|Any CPU.ActiveCfg = Debug|Any CPU
		{A0A03D8E-5A1C-42D8-80A2-4D7B64999517}.Debug|Any CPU.Build.0 = Debug|Any CPU
		{A0A03D8E-5A1C-42D8-80A2-4D7B64999517}.Release|Any CPU.ActiveCfg = Release|Any CPU
		{A0A03D8E-5A1C-42D8-80A2-4D7B64999517}.Release|Any CPU.Build.0 = Release|Any CPU
		{DF140D8D-F741-424E-B5F7-54EFA3CCD796}.Debug|Any CPU.ActiveCfg = Debug|Any CPU
		{DF140D8D-F741-424E-B5F7-54EFA3CCD796}.Debug|Any CPU.Build.0 = Debug|Any CPU
		{DF140D8D-F741-424E-B5F7-54EFA3CCD796}.Release|Any CPU.ActiveCfg = Release|Any CPU
		{DF140D8D-F741-424E-B5F7-54EFA3CCD796}.Release|Any CPU.Build.0 = Release|Any CPU
	EndGlobalSection
	GlobalSection(NestedProjects) = preSolution
		{DF140D8D-F741-424E-B5F7-54EFA3CCD796} = {56FE2A82-C8B3-4A46-B395-BE3D8A41B240}
	EndGlobalSection
EndGlobal
