
Microsoft Visual Studio Solution File, Format Version 12.00
# Blend for Visual Studio 15
VisualStudioVersion = 15.0.28010.2041
MinimumVisualStudioVersion = 10.0.40219.1
Project("{FAE04EC0-301F-11D3-BF4B-00C04F79EFBC}") = "SPV3.Installer", "SPV3.Installer\SPV3.Installer.csproj", "{F18BF1FD-1058-4C86-A980-850375216E7D}"
EndProject
Project("{FAE04EC0-301F-11D3-BF4B-00C04F79EFBC}") = "SPV3.Installer.Test", "SPV3.Installer.Test\SPV3.Installer.Test.csproj", "{0B8793B9-3D8A-4811-A599-5A019AC15E16}"
EndProject
Project("{2150E333-8FDC-42A3-9474-1A3956D46DE8}") = "Documentation", "Documentation", "{D6CBD702-873C-4BDA-810F-A92E0B46A924}"
	ProjectSection(SolutionItems) = preProject
		..\doc\compilation.md = ..\doc\compilation.md
		..\doc\implementation.md = ..\doc\implementation.md
		..\doc\installation.md = ..\doc\installation.md
		..\README.md = ..\README.md
	EndProjectSection
EndProject
Project("{FAE04EC0-301F-11D3-BF4B-00C04F79EFBC}") = "SPV3.Compiler.GUI", "SPV3.Compiler.GUI\SPV3.Compiler.GUI.csproj", "{A111649B-6501-492E-B2F6-C6AD768FA353}"
EndProject
Project("{FAE04EC0-301F-11D3-BF4B-00C04F79EFBC}") = "SPV3.Compiler", "SPV3.Compiler\SPV3.Compiler.csproj", "{0AB09F2F-FDD8-40A8-829D-EFA4BE48AC5B}"
EndProject
Global
	GlobalSection(SolutionConfigurationPlatforms) = preSolution
		Debug|Any CPU = Debug|Any CPU
		Release|Any CPU = Release|Any CPU
	EndGlobalSection
	GlobalSection(ProjectConfigurationPlatforms) = postSolution
		{F18BF1FD-1058-4C86-A980-850375216E7D}.Debug|Any CPU.ActiveCfg = Debug|Any CPU
		{F18BF1FD-1058-4C86-A980-850375216E7D}.Debug|Any CPU.Build.0 = Debug|Any CPU
		{F18BF1FD-1058-4C86-A980-850375216E7D}.Release|Any CPU.ActiveCfg = Release|Any CPU
		{F18BF1FD-1058-4C86-A980-850375216E7D}.Release|Any CPU.Build.0 = Release|Any CPU
		{0B8793B9-3D8A-4811-A599-5A019AC15E16}.Debug|Any CPU.ActiveCfg = Debug|Any CPU
		{0B8793B9-3D8A-4811-A599-5A019AC15E16}.Debug|Any CPU.Build.0 = Debug|Any CPU
		{0B8793B9-3D8A-4811-A599-5A019AC15E16}.Release|Any CPU.ActiveCfg = Release|Any CPU
		{0B8793B9-3D8A-4811-A599-5A019AC15E16}.Release|Any CPU.Build.0 = Release|Any CPU
		{A111649B-6501-492E-B2F6-C6AD768FA353}.Debug|Any CPU.ActiveCfg = Debug|Any CPU
		{A111649B-6501-492E-B2F6-C6AD768FA353}.Debug|Any CPU.Build.0 = Debug|Any CPU
		{A111649B-6501-492E-B2F6-C6AD768FA353}.Release|Any CPU.ActiveCfg = Release|Any CPU
		{A111649B-6501-492E-B2F6-C6AD768FA353}.Release|Any CPU.Build.0 = Release|Any CPU
		{0AB09F2F-FDD8-40A8-829D-EFA4BE48AC5B}.Debug|Any CPU.ActiveCfg = Debug|Any CPU
		{0AB09F2F-FDD8-40A8-829D-EFA4BE48AC5B}.Debug|Any CPU.Build.0 = Debug|Any CPU
		{0AB09F2F-FDD8-40A8-829D-EFA4BE48AC5B}.Release|Any CPU.ActiveCfg = Release|Any CPU
		{0AB09F2F-FDD8-40A8-829D-EFA4BE48AC5B}.Release|Any CPU.Build.0 = Release|Any CPU
	EndGlobalSection
	GlobalSection(SolutionProperties) = preSolution
		HideSolutionNode = FALSE
	EndGlobalSection
	GlobalSection(ExtensibilityGlobals) = postSolution
		SolutionGuid = {CF13DF44-4C6A-4171-9586-AE38CDF5F8B3}
	EndGlobalSection
EndGlobal
