
Microsoft Visual Studio Solution File, Format Version 12.00
Project("{2150E333-8FDC-42A3-9474-1A3956D46DE8}") = "Documentation", "Documentation", "{B6861B3A-F9C8-45C1-9AE9-F58FCF0401D7}"
ProjectSection(SolutionItems) = preProject
	..\LICENSE = ..\LICENSE
	..\README.md = ..\README.md
EndProjectSection
EndProject
Project("{FAE04EC0-301F-11D3-BF4B-00C04F79EFBC}") = "BalsamV.GUI", "BalsamV.GUI\BalsamV.GUI.csproj", "{04E18997-5D28-42AD-A503-6AC2CF9AC342}"
EndProject
Project("{FAE04EC0-301F-11D3-BF4B-00C04F79EFBC}") = "BalsamV", "BalsamV\BalsamV.csproj", "{02665F11-3CDB-472A-8BF8-951B94F544A5}"
EndProject
Project("{FAE04EC0-301F-11D3-BF4B-00C04F79EFBC}") = "BalsamV.Tests", "BalsamV.Tests\BalsamV.Tests.csproj", "{7EFB389E-7D63-4F82-851F-55E43F9B40BE}"
EndProject
Project("{2150E333-8FDC-42A3-9474-1A3956D46DE8}") = "Settings", "Settings", "{510BB9E5-B388-452F-BB38-2ABC2A796B44}"
ProjectSection(SolutionItems) = preProject
	BalsamV.Settings\README.md = BalsamV.Settings\README.md
EndProjectSection
EndProject
Project("{2150E333-8FDC-42A3-9474-1A3956D46DE8}") = "Input", "Input", "{CC9A716A-BCE0-4A1E-9648-791F4591AF7D}"
ProjectSection(SolutionItems) = preProject
	BalsamV.Input\README.md = BalsamV.Input\README.md
EndProjectSection
EndProject
Project("{2150E333-8FDC-42A3-9474-1A3956D46DE8}") = "Profile", "Profile", "{52235EA5-245A-436A-8923-26C0C2595A1B}"
ProjectSection(SolutionItems) = preProject
	BalsamV.Profile\README.md = BalsamV.Profile\README.md
EndProjectSection
EndProject
Global
	GlobalSection(SolutionConfigurationPlatforms) = preSolution
		Debug|Any CPU = Debug|Any CPU
		Release|Any CPU = Release|Any CPU
	EndGlobalSection
	GlobalSection(ProjectConfigurationPlatforms) = postSolution
		{04E18997-5D28-42AD-A503-6AC2CF9AC342}.Debug|Any CPU.ActiveCfg = Debug|Any CPU
		{04E18997-5D28-42AD-A503-6AC2CF9AC342}.Debug|Any CPU.Build.0 = Debug|Any CPU
		{04E18997-5D28-42AD-A503-6AC2CF9AC342}.Release|Any CPU.ActiveCfg = Release|Any CPU
		{04E18997-5D28-42AD-A503-6AC2CF9AC342}.Release|Any CPU.Build.0 = Release|Any CPU
		{02665F11-3CDB-472A-8BF8-951B94F544A5}.Debug|Any CPU.ActiveCfg = Debug|Any CPU
		{02665F11-3CDB-472A-8BF8-951B94F544A5}.Debug|Any CPU.Build.0 = Debug|Any CPU
		{02665F11-3CDB-472A-8BF8-951B94F544A5}.Release|Any CPU.ActiveCfg = Release|Any CPU
		{02665F11-3CDB-472A-8BF8-951B94F544A5}.Release|Any CPU.Build.0 = Release|Any CPU
		{7EFB389E-7D63-4F82-851F-55E43F9B40BE}.Debug|Any CPU.ActiveCfg = Debug|Any CPU
		{7EFB389E-7D63-4F82-851F-55E43F9B40BE}.Debug|Any CPU.Build.0 = Debug|Any CPU
		{7EFB389E-7D63-4F82-851F-55E43F9B40BE}.Release|Any CPU.ActiveCfg = Release|Any CPU
		{7EFB389E-7D63-4F82-851F-55E43F9B40BE}.Release|Any CPU.Build.0 = Release|Any CPU
	EndGlobalSection
	GlobalSection(NestedProjects) = preSolution
		{510BB9E5-B388-452F-BB38-2ABC2A796B44} = {B6861B3A-F9C8-45C1-9AE9-F58FCF0401D7}
		{CC9A716A-BCE0-4A1E-9648-791F4591AF7D} = {B6861B3A-F9C8-45C1-9AE9-F58FCF0401D7}
		{52235EA5-245A-436A-8923-26C0C2595A1B} = {B6861B3A-F9C8-45C1-9AE9-F58FCF0401D7}
	EndGlobalSection
EndGlobal
