
Microsoft Visual Studio Solution File, Format Version 12.00
# Visual Studio 15
VisualStudioVersion = 15.0.28010.2041
MinimumVisualStudioVersion = 10.0.40219.1
Project("{FAE04EC0-301F-11D3-BF4B-00C04F79EFBC}") = "Atarashii", "Atarashii\Atarashii.csproj", "{9665535F-B184-41F6-AC56-85DB14FD3B79}"
EndProject
Project("{FAE04EC0-301F-11D3-BF4B-00C04F79EFBC}") = "Atarashii.CLI.Loader", "Atarashii.CLI.Loader\Atarashii.CLI.Loader.csproj", "{F1088A69-E536-4A0B-A3A2-2130880926EB}"
EndProject
Project("{FAE04EC0-301F-11D3-BF4B-00C04F79EFBC}") = "Atarashii.Tests", "Atarashii.Tests\Atarashii.Tests.csproj", "{E69FBF55-9518-4A16-85C6-F373BC14DEB5}"
EndProject
Project("{FAE04EC0-301F-11D3-BF4B-00C04F79EFBC}") = "Atarashii.GUI.Loader", "Atarashii.GUI.Loader\Atarashii.GUI.Loader.csproj", "{CB9B7583-F2DE-419A-9C17-2BBC8770087B}"
EndProject
Project("{2150E333-8FDC-42A3-9474-1A3956D46DE8}") = "Library", "Library", "{A8350F0E-1082-489D-BC78-B4379E9DB070}"
EndProject
Project("{2150E333-8FDC-42A3-9474-1A3956D46DE8}") = "Documentation", "Documentation", "{242E14EA-FB28-458C-8ABE-10D09245B350}"
	ProjectSection(SolutionItems) = preProject
		README.md = README.md
	EndProjectSection
EndProject
Project("{FAE04EC0-301F-11D3-BF4B-00C04F79EFBC}") = "Atarashii.GUI.Detector", "Atarashii.GUI.Detector\Atarashii.GUI.Detector.csproj", "{65BB4D71-357B-403C-9FD7-0043B2EAF552}"
EndProject
Project("{FAE04EC0-301F-11D3-BF4B-00C04F79EFBC}") = "Atarashii.CLI.Detector", "Atarashii.CLI.Detector\Atarashii.CLI.Detector.csproj", "{9847D64B-843E-4012-BA2C-49846FB94410}"
EndProject
Project("{2150E333-8FDC-42A3-9474-1A3956D46DE8}") = "Interface.CLI", "Interface.CLI", "{9889437D-AF09-4C2E-9DDB-0110620A2CB2}"
EndProject
Project("{2150E333-8FDC-42A3-9474-1A3956D46DE8}") = "Interface.GUI", "Interface.GUI", "{434674B1-D193-4F0B-8303-5B36DBDFA778}"
EndProject
Project("{FAE04EC0-301F-11D3-BF4B-00C04F79EFBC}") = "Atarashii.CLI.Lastprof", "Atarashii.CLI.Lastprof\Atarashii.CLI.Lastprof.csproj", "{C9356730-D60E-4E45-857A-7BF9AF4A094B}"
EndProject
Project("{FAE04EC0-301F-11D3-BF4B-00C04F79EFBC}") = "Atarashii.GUI", "Atarashii.GUI\Atarashii.GUI.csproj", "{90F5884D-D0AC-451B-9796-34A8D3CAEF4C}"
EndProject
Global
	GlobalSection(SolutionConfigurationPlatforms) = preSolution
		Debug|Any CPU = Debug|Any CPU
		Release|Any CPU = Release|Any CPU
	EndGlobalSection
	GlobalSection(ProjectConfigurationPlatforms) = postSolution
		{9665535F-B184-41F6-AC56-85DB14FD3B79}.Debug|Any CPU.ActiveCfg = Debug|Any CPU
		{9665535F-B184-41F6-AC56-85DB14FD3B79}.Debug|Any CPU.Build.0 = Debug|Any CPU
		{9665535F-B184-41F6-AC56-85DB14FD3B79}.Release|Any CPU.ActiveCfg = Release|Any CPU
		{9665535F-B184-41F6-AC56-85DB14FD3B79}.Release|Any CPU.Build.0 = Release|Any CPU
		{F1088A69-E536-4A0B-A3A2-2130880926EB}.Debug|Any CPU.ActiveCfg = Debug|Any CPU
		{F1088A69-E536-4A0B-A3A2-2130880926EB}.Debug|Any CPU.Build.0 = Debug|Any CPU
		{F1088A69-E536-4A0B-A3A2-2130880926EB}.Release|Any CPU.ActiveCfg = Release|Any CPU
		{F1088A69-E536-4A0B-A3A2-2130880926EB}.Release|Any CPU.Build.0 = Release|Any CPU
		{E69FBF55-9518-4A16-85C6-F373BC14DEB5}.Debug|Any CPU.ActiveCfg = Debug|Any CPU
		{E69FBF55-9518-4A16-85C6-F373BC14DEB5}.Debug|Any CPU.Build.0 = Debug|Any CPU
		{E69FBF55-9518-4A16-85C6-F373BC14DEB5}.Release|Any CPU.ActiveCfg = Release|Any CPU
		{E69FBF55-9518-4A16-85C6-F373BC14DEB5}.Release|Any CPU.Build.0 = Release|Any CPU
		{CB9B7583-F2DE-419A-9C17-2BBC8770087B}.Debug|Any CPU.ActiveCfg = Debug|Any CPU
		{CB9B7583-F2DE-419A-9C17-2BBC8770087B}.Debug|Any CPU.Build.0 = Debug|Any CPU
		{CB9B7583-F2DE-419A-9C17-2BBC8770087B}.Release|Any CPU.ActiveCfg = Release|Any CPU
		{CB9B7583-F2DE-419A-9C17-2BBC8770087B}.Release|Any CPU.Build.0 = Release|Any CPU
		{65BB4D71-357B-403C-9FD7-0043B2EAF552}.Debug|Any CPU.ActiveCfg = Debug|Any CPU
		{65BB4D71-357B-403C-9FD7-0043B2EAF552}.Debug|Any CPU.Build.0 = Debug|Any CPU
		{65BB4D71-357B-403C-9FD7-0043B2EAF552}.Release|Any CPU.ActiveCfg = Release|Any CPU
		{65BB4D71-357B-403C-9FD7-0043B2EAF552}.Release|Any CPU.Build.0 = Release|Any CPU
		{9847D64B-843E-4012-BA2C-49846FB94410}.Debug|Any CPU.ActiveCfg = Debug|Any CPU
		{9847D64B-843E-4012-BA2C-49846FB94410}.Debug|Any CPU.Build.0 = Debug|Any CPU
		{9847D64B-843E-4012-BA2C-49846FB94410}.Release|Any CPU.ActiveCfg = Release|Any CPU
		{9847D64B-843E-4012-BA2C-49846FB94410}.Release|Any CPU.Build.0 = Release|Any CPU
		{C9356730-D60E-4E45-857A-7BF9AF4A094B}.Debug|Any CPU.ActiveCfg = Debug|Any CPU
		{C9356730-D60E-4E45-857A-7BF9AF4A094B}.Debug|Any CPU.Build.0 = Debug|Any CPU
		{C9356730-D60E-4E45-857A-7BF9AF4A094B}.Release|Any CPU.ActiveCfg = Release|Any CPU
		{C9356730-D60E-4E45-857A-7BF9AF4A094B}.Release|Any CPU.Build.0 = Release|Any CPU
		{90F5884D-D0AC-451B-9796-34A8D3CAEF4C}.Debug|Any CPU.ActiveCfg = Debug|Any CPU
		{90F5884D-D0AC-451B-9796-34A8D3CAEF4C}.Debug|Any CPU.Build.0 = Debug|Any CPU
		{90F5884D-D0AC-451B-9796-34A8D3CAEF4C}.Release|Any CPU.ActiveCfg = Release|Any CPU
		{90F5884D-D0AC-451B-9796-34A8D3CAEF4C}.Release|Any CPU.Build.0 = Release|Any CPU
	EndGlobalSection
	GlobalSection(SolutionProperties) = preSolution
		HideSolutionNode = FALSE
	EndGlobalSection
	GlobalSection(NestedProjects) = preSolution
		{9665535F-B184-41F6-AC56-85DB14FD3B79} = {A8350F0E-1082-489D-BC78-B4379E9DB070}
		{F1088A69-E536-4A0B-A3A2-2130880926EB} = {9889437D-AF09-4C2E-9DDB-0110620A2CB2}
		{E69FBF55-9518-4A16-85C6-F373BC14DEB5} = {A8350F0E-1082-489D-BC78-B4379E9DB070}
		{CB9B7583-F2DE-419A-9C17-2BBC8770087B} = {434674B1-D193-4F0B-8303-5B36DBDFA778}
		{65BB4D71-357B-403C-9FD7-0043B2EAF552} = {434674B1-D193-4F0B-8303-5B36DBDFA778}
		{9847D64B-843E-4012-BA2C-49846FB94410} = {9889437D-AF09-4C2E-9DDB-0110620A2CB2}
		{C9356730-D60E-4E45-857A-7BF9AF4A094B} = {9889437D-AF09-4C2E-9DDB-0110620A2CB2}
		{90F5884D-D0AC-451B-9796-34A8D3CAEF4C} = {A8350F0E-1082-489D-BC78-B4379E9DB070}
	EndGlobalSection
	GlobalSection(ExtensibilityGlobals) = postSolution
		SolutionGuid = {3249B2F7-F993-46AD-A3EB-85718856A4E0}
	EndGlobalSection
EndGlobal
