
Microsoft Visual Studio Solution File, Format Version 12.00
# Visual Studio 15
VisualStudioVersion = 15.0.27130.2024
MinimumVisualStudioVersion = 10.0.40219.1
Project("{2150E333-8FDC-42A3-9474-1A3956D46DE8}") = "Documentation", "Documentation", "{3C45B9E3-EA98-4A52-9EA8-09762B4635D3}"
ProjectSection(SolutionItems) = preProject
	..\README.md = ..\README.md
EndProjectSection
EndProject
Project("{FAE04EC0-301F-11D3-BF4B-00C04F79EFBC}") = "SPV3.Loader", "..\lib\SPV3.Loader\src\SPV3.Loader\SPV3.Loader.csproj", "{DDC47180-2A6F-4692-92B4-072B4EFF2438}"
EndProject
Project("{2150E333-8FDC-42A3-9474-1A3956D46DE8}") = "Dependencies", "Dependencies", "{7D96AB31-E22E-4AB9-9D3F-53D953F23F2A}"
EndProject
Project("{2150E333-8FDC-42A3-9474-1A3956D46DE8}") = "Settings", "Settings", "{B4D8AB80-EC07-425C-97DF-16C516EF3631}"
EndProject
Project("{FAE04EC0-301F-11D3-BF4B-00C04F79EFBC}") = "SPV3.Settings.GUI", "..\lib\SPV3.Settings\src\SPV3.Settings.GUI\SPV3.Settings.GUI.csproj", "{1D0AF380-73A1-4585-A04A-4387D277E3FE}"
EndProject
Project("{FAE04EC0-301F-11D3-BF4B-00C04F79EFBC}") = "BalsamV", "..\lib\SPV3.Settings\lib\HCE.BalsamV\BalsamV\BalsamV.csproj", "{02665F11-3CDB-472A-8BF8-951B94F544A5}"
EndProject
Project("{FAE04EC0-301F-11D3-BF4B-00C04F79EFBC}") = "BalsamV.GUI", "..\lib\SPV3.Settings\lib\HCE.BalsamV\BalsamV.GUI\BalsamV.GUI.csproj", "{04E18997-5D28-42AD-A503-6AC2CF9AC342}"
EndProject
Project("{FAE04EC0-301F-11D3-BF4B-00C04F79EFBC}") = "BalsamV.Input", "..\lib\SPV3.Settings\lib\HCE.BalsamV\BalsamV.Input\BalsamV.Input.csproj", "{3C2AA068-D9F4-4FA4-BE0A-3C89E0538AAF}"
EndProject
Project("{FAE04EC0-301F-11D3-BF4B-00C04F79EFBC}") = "BalsamV.Profile", "..\lib\SPV3.Settings\lib\HCE.BalsamV\BalsamV.Profile\BalsamV.Profile.csproj", "{22050973-8D68-4EBE-9372-69E902D70058}"
EndProject
Project("{FAE04EC0-301F-11D3-BF4B-00C04F79EFBC}") = "BalsamV.Settings", "..\lib\SPV3.Settings\lib\HCE.BalsamV\BalsamV.Settings\BalsamV.Settings.csproj", "{9ABF9928-6DB7-487A-97E3-C068CC058361}"
EndProject
Project("{FAE04EC0-301F-11D3-BF4B-00C04F79EFBC}") = "SPV3.Shaders", "..\lib\SPV3.Settings\lib\SPV3.Shaders\src\SPV3.Shaders\SPV3.Shaders.csproj", "{F26E9F38-EABA-423B-99C6-D26056B79708}"
EndProject
Project("{FAE04EC0-301F-11D3-BF4B-00C04F79EFBC}") = "SPV3.Shaders.GUI", "..\lib\SPV3.Settings\lib\SPV3.Shaders\src\SPV3.Shaders.GUI\SPV3.Shaders.GUI.csproj", "{20B17E40-88F0-4727-8436-5EF35A2A6368}"
EndProject
Project("{2150E333-8FDC-42A3-9474-1A3956D46DE8}") = "SPV3 Shaders", "SPV3 Shaders", "{D748CC28-1302-43FE-A474-38B42D831C87}"
EndProject
Project("{2150E333-8FDC-42A3-9474-1A3956D46DE8}") = "HCE Settings", "HCE Settings", "{A7FC5187-348D-4A2F-9EE9-DB590A83DA66}"
EndProject
Project("{FAE04EC0-301F-11D3-BF4B-00C04F79EFBC}") = "SPV3.Launcher.GUI", "SPV3.Launcher.GUI\SPV3.Launcher.GUI.csproj", "{0F56EDA9-CF7F-4C49-A67B-3FCD434D4902}"
EndProject
Global
	GlobalSection(SolutionConfigurationPlatforms) = preSolution
		Debug|Any CPU = Debug|Any CPU
		Release|Any CPU = Release|Any CPU
	EndGlobalSection
	GlobalSection(ProjectConfigurationPlatforms) = postSolution
		{DDC47180-2A6F-4692-92B4-072B4EFF2438}.Debug|Any CPU.ActiveCfg = Debug|Any CPU
		{DDC47180-2A6F-4692-92B4-072B4EFF2438}.Debug|Any CPU.Build.0 = Debug|Any CPU
		{DDC47180-2A6F-4692-92B4-072B4EFF2438}.Release|Any CPU.ActiveCfg = Release|Any CPU
		{DDC47180-2A6F-4692-92B4-072B4EFF2438}.Release|Any CPU.Build.0 = Release|Any CPU
		{1D0AF380-73A1-4585-A04A-4387D277E3FE}.Debug|Any CPU.ActiveCfg = Debug|Any CPU
		{1D0AF380-73A1-4585-A04A-4387D277E3FE}.Debug|Any CPU.Build.0 = Debug|Any CPU
		{1D0AF380-73A1-4585-A04A-4387D277E3FE}.Release|Any CPU.ActiveCfg = Release|Any CPU
		{1D0AF380-73A1-4585-A04A-4387D277E3FE}.Release|Any CPU.Build.0 = Release|Any CPU
		{02665F11-3CDB-472A-8BF8-951B94F544A5}.Debug|Any CPU.ActiveCfg = Debug|Any CPU
		{02665F11-3CDB-472A-8BF8-951B94F544A5}.Debug|Any CPU.Build.0 = Debug|Any CPU
		{02665F11-3CDB-472A-8BF8-951B94F544A5}.Release|Any CPU.ActiveCfg = Release|Any CPU
		{02665F11-3CDB-472A-8BF8-951B94F544A5}.Release|Any CPU.Build.0 = Release|Any CPU
		{04E18997-5D28-42AD-A503-6AC2CF9AC342}.Debug|Any CPU.ActiveCfg = Debug|Any CPU
		{04E18997-5D28-42AD-A503-6AC2CF9AC342}.Debug|Any CPU.Build.0 = Debug|Any CPU
		{04E18997-5D28-42AD-A503-6AC2CF9AC342}.Release|Any CPU.ActiveCfg = Release|Any CPU
		{04E18997-5D28-42AD-A503-6AC2CF9AC342}.Release|Any CPU.Build.0 = Release|Any CPU
		{3C2AA068-D9F4-4FA4-BE0A-3C89E0538AAF}.Debug|Any CPU.ActiveCfg = Debug|Any CPU
		{3C2AA068-D9F4-4FA4-BE0A-3C89E0538AAF}.Debug|Any CPU.Build.0 = Debug|Any CPU
		{3C2AA068-D9F4-4FA4-BE0A-3C89E0538AAF}.Release|Any CPU.ActiveCfg = Release|Any CPU
		{3C2AA068-D9F4-4FA4-BE0A-3C89E0538AAF}.Release|Any CPU.Build.0 = Release|Any CPU
		{22050973-8D68-4EBE-9372-69E902D70058}.Debug|Any CPU.ActiveCfg = Debug|Any CPU
		{22050973-8D68-4EBE-9372-69E902D70058}.Debug|Any CPU.Build.0 = Debug|Any CPU
		{22050973-8D68-4EBE-9372-69E902D70058}.Release|Any CPU.ActiveCfg = Release|Any CPU
		{22050973-8D68-4EBE-9372-69E902D70058}.Release|Any CPU.Build.0 = Release|Any CPU
		{9ABF9928-6DB7-487A-97E3-C068CC058361}.Debug|Any CPU.ActiveCfg = Debug|Any CPU
		{9ABF9928-6DB7-487A-97E3-C068CC058361}.Debug|Any CPU.Build.0 = Debug|Any CPU
		{9ABF9928-6DB7-487A-97E3-C068CC058361}.Release|Any CPU.ActiveCfg = Release|Any CPU
		{9ABF9928-6DB7-487A-97E3-C068CC058361}.Release|Any CPU.Build.0 = Release|Any CPU
		{F26E9F38-EABA-423B-99C6-D26056B79708}.Debug|Any CPU.ActiveCfg = Debug|Any CPU
		{F26E9F38-EABA-423B-99C6-D26056B79708}.Debug|Any CPU.Build.0 = Debug|Any CPU
		{F26E9F38-EABA-423B-99C6-D26056B79708}.Release|Any CPU.ActiveCfg = Release|Any CPU
		{F26E9F38-EABA-423B-99C6-D26056B79708}.Release|Any CPU.Build.0 = Release|Any CPU
		{20B17E40-88F0-4727-8436-5EF35A2A6368}.Debug|Any CPU.ActiveCfg = Debug|Any CPU
		{20B17E40-88F0-4727-8436-5EF35A2A6368}.Debug|Any CPU.Build.0 = Debug|Any CPU
		{20B17E40-88F0-4727-8436-5EF35A2A6368}.Release|Any CPU.ActiveCfg = Release|Any CPU
		{20B17E40-88F0-4727-8436-5EF35A2A6368}.Release|Any CPU.Build.0 = Release|Any CPU
		{0F56EDA9-CF7F-4C49-A67B-3FCD434D4902}.Debug|Any CPU.ActiveCfg = Debug|Any CPU
		{0F56EDA9-CF7F-4C49-A67B-3FCD434D4902}.Debug|Any CPU.Build.0 = Debug|Any CPU
		{0F56EDA9-CF7F-4C49-A67B-3FCD434D4902}.Release|Any CPU.ActiveCfg = Release|Any CPU
		{0F56EDA9-CF7F-4C49-A67B-3FCD434D4902}.Release|Any CPU.Build.0 = Release|Any CPU
	EndGlobalSection
	GlobalSection(SolutionProperties) = preSolution
		HideSolutionNode = FALSE
	EndGlobalSection
	GlobalSection(NestedProjects) = preSolution
		{DDC47180-2A6F-4692-92B4-072B4EFF2438} = {7D96AB31-E22E-4AB9-9D3F-53D953F23F2A}
		{B4D8AB80-EC07-425C-97DF-16C516EF3631} = {7D96AB31-E22E-4AB9-9D3F-53D953F23F2A}
		{1D0AF380-73A1-4585-A04A-4387D277E3FE} = {B4D8AB80-EC07-425C-97DF-16C516EF3631}
		{D748CC28-1302-43FE-A474-38B42D831C87} = {B4D8AB80-EC07-425C-97DF-16C516EF3631}
		{A7FC5187-348D-4A2F-9EE9-DB590A83DA66} = {B4D8AB80-EC07-425C-97DF-16C516EF3631}
		{02665F11-3CDB-472A-8BF8-951B94F544A5} = {A7FC5187-348D-4A2F-9EE9-DB590A83DA66}
		{04E18997-5D28-42AD-A503-6AC2CF9AC342} = {A7FC5187-348D-4A2F-9EE9-DB590A83DA66}
		{3C2AA068-D9F4-4FA4-BE0A-3C89E0538AAF} = {A7FC5187-348D-4A2F-9EE9-DB590A83DA66}
		{22050973-8D68-4EBE-9372-69E902D70058} = {A7FC5187-348D-4A2F-9EE9-DB590A83DA66}
		{9ABF9928-6DB7-487A-97E3-C068CC058361} = {A7FC5187-348D-4A2F-9EE9-DB590A83DA66}
		{F26E9F38-EABA-423B-99C6-D26056B79708} = {D748CC28-1302-43FE-A474-38B42D831C87}
		{20B17E40-88F0-4727-8436-5EF35A2A6368} = {D748CC28-1302-43FE-A474-38B42D831C87}
	EndGlobalSection
	GlobalSection(ExtensibilityGlobals) = postSolution
		SolutionGuid = {E541E670-B04B-40E7-B3BB-6E9602B64ED2}
	EndGlobalSection
	GlobalSection(AutomaticVersions) = postSolution
		UpdateAssemblyVersion = True
		UpdateAssemblyFileVersion = True
		UpdateAssemblyInfoVersion = True
		AssemblyVersionSettings = None.None.None.None
		AssemblyFileVersionSettings = None.None.None.None
		AssemblyInfoVersionSettings = None.None.None.None
		UpdatePackageVersion = False
		AssemblyInfoVersionType = SettingsVersion
	EndGlobalSection
EndGlobal
