
Microsoft Visual Studio Solution File, Format Version 12.00
# Visual Studio 14
VisualStudioVersion = 14.0.25420.1
MinimumVisualStudioVersion = 10.0.40219.1
Project("{FAE04EC0-301F-11D3-BF4B-00C04F79EFBC}") = "Promise.UI", "Promise.UI\Promise.UI.csproj", "{0F56EDA9-CF7F-4C49-A67B-3FCD434D4902}"
EndProject
Project("{FAE04EC0-301F-11D3-BF4B-00C04F79EFBC}") = "Promise.Library", "Promise.Library\Promise.Library.csproj", "{0AB59B86-5F62-4D4C-AE4E-2BBB4C09A222}"
EndProject
Project("{FAE04EC0-301F-11D3-BF4B-00C04F79EFBC}") = "Promise.Test", "Promise.Test\Promise.Test.csproj", "{9B62081D-C0DF-4C82-9ADA-4E676AC724AF}"
EndProject
Global
	GlobalSection(SolutionConfigurationPlatforms) = preSolution
		Debug|Any CPU = Debug|Any CPU
		Release|Any CPU = Release|Any CPU
	EndGlobalSection
	GlobalSection(ProjectConfigurationPlatforms) = postSolution
		{0F56EDA9-CF7F-4C49-A67B-3FCD434D4902}.Debug|Any CPU.ActiveCfg = Debug|Any CPU
		{0F56EDA9-CF7F-4C49-A67B-3FCD434D4902}.Debug|Any CPU.Build.0 = Debug|Any CPU
		{0F56EDA9-CF7F-4C49-A67B-3FCD434D4902}.Release|Any CPU.ActiveCfg = Release|Any CPU
		{0F56EDA9-CF7F-4C49-A67B-3FCD434D4902}.Release|Any CPU.Build.0 = Release|Any CPU
		{0AB59B86-5F62-4D4C-AE4E-2BBB4C09A222}.Debug|Any CPU.ActiveCfg = Debug|Any CPU
		{0AB59B86-5F62-4D4C-AE4E-2BBB4C09A222}.Debug|Any CPU.Build.0 = Debug|Any CPU
		{0AB59B86-5F62-4D4C-AE4E-2BBB4C09A222}.Release|Any CPU.ActiveCfg = Release|Any CPU
		{0AB59B86-5F62-4D4C-AE4E-2BBB4C09A222}.Release|Any CPU.Build.0 = Release|Any CPU
		{9B62081D-C0DF-4C82-9ADA-4E676AC724AF}.Debug|Any CPU.ActiveCfg = Debug|Any CPU
		{9B62081D-C0DF-4C82-9ADA-4E676AC724AF}.Debug|Any CPU.Build.0 = Debug|Any CPU
		{9B62081D-C0DF-4C82-9ADA-4E676AC724AF}.Release|Any CPU.ActiveCfg = Release|Any CPU
		{9B62081D-C0DF-4C82-9ADA-4E676AC724AF}.Release|Any CPU.Build.0 = Release|Any CPU
	EndGlobalSection
	GlobalSection(SolutionProperties) = preSolution
		HideSolutionNode = FALSE
	EndGlobalSection
EndGlobal
